
Microsoft Visual Studio Solution File, Format Version 12.00
# Visual Studio Version 17
VisualStudioVersion = 17.5.002.0
MinimumVisualStudioVersion = 10.0.40219.1
Project("{9A19103F-16F7-4668-BE54-9A1E7A4F7556}") = "WebAPI", "WebAPI.csproj", "{B94FBF40-C86B-4121-BABC-FE6CCC352C22}"
EndProject
Global
	GlobalSection(SolutionConfigurationPlatforms) = preSolution
		Debug|Any CPU = Debug|Any CPU
		Release|Any CPU = Release|Any CPU
	EndGlobalSection
	GlobalSection(ProjectConfigurationPlatforms) = postSolution
		{B94FBF40-C86B-4121-BABC-FE6CCC352C22}.Debug|Any CPU.ActiveCfg = Debug|Any CPU
		{B94FBF40-C86B-4121-BABC-FE6CCC352C22}.Debug|Any CPU.Build.0 = Debug|Any CPU
		{B94FBF40-C86B-4121-BABC-FE6CCC352C22}.Release|Any CPU.ActiveCfg = Release|Any CPU
		{B94FBF40-C86B-4121-BABC-FE6CCC352C22}.Release|Any CPU.Build.0 = Release|Any CPU
	EndGlobalSection
	GlobalSection(SolutionProperties) = preSolution
		HideSolutionNode = FALSE
	EndGlobalSection
	GlobalSection(ExtensibilityGlobals) = postSolution
		SolutionGuid = {A461245F-96F0-418E-877D-E210713124C9}
	EndGlobalSection
EndGlobal
